
Microsoft Visual Studio Solution File, Format Version 12.00
# Visual Studio 15
VisualStudioVersion = 15.0.28307.102
MinimumVisualStudioVersion = 10.0.40219.1
Project("{FAE04EC0-301F-11D3-BF4B-00C04F79EFBC}") = "LinqTutorials", "LinqTutorials\LinqTutorials.csproj", "{56363A72-ECE8-456F-9086-EF1D09C0D1CF}"
EndProject
Global
	GlobalSection(SolutionConfigurationPlatforms) = preSolution
		Debug|Any CPU = Debug|Any CPU
		Release|Any CPU = Release|Any CPU
	EndGlobalSection
	GlobalSection(ProjectConfigurationPlatforms) = postSolution
		{56363A72-ECE8-456F-9086-EF1D09C0D1CF}.Debug|Any CPU.ActiveCfg = Debug|Any CPU
		{56363A72-ECE8-456F-9086-EF1D09C0D1CF}.Debug|Any CPU.Build.0 = Debug|Any CPU
		{56363A72-ECE8-456F-9086-EF1D09C0D1CF}.Release|Any CPU.ActiveCfg = Release|Any CPU
		{56363A72-ECE8-456F-9086-EF1D09C0D1CF}.Release|Any CPU.Build.0 = Release|Any CPU
	EndGlobalSection
	GlobalSection(SolutionProperties) = preSolution
		HideSolutionNode = FALSE
	EndGlobalSection
	GlobalSection(ExtensibilityGlobals) = postSolution
		SolutionGuid = {2E57A2B3-A867-4E94-B7D7-DEF84A40EF48}
	EndGlobalSection
EndGlobal
